
Microsoft Visual Studio Solution File, Format Version 12.00
# Visual Studio Version 17
VisualStudioVersion = 17.1.32421.90
MinimumVisualStudioVersion = 10.0.40219.1
Project("{FAE04EC0-301F-11D3-BF4B-00C04F79EFBC}") = "Asteroids", "Asteroids\Asteroids.csproj", "{EB143B9A-0666-45BA-987A-260DC548F568}"
EndProject
Global
	GlobalSection(SolutionConfigurationPlatforms) = preSolution
		Debug|Any CPU = Debug|Any CPU
		Release|Any CPU = Release|Any CPU
	EndGlobalSection
	GlobalSection(ProjectConfigurationPlatforms) = postSolution
		{EB143B9A-0666-45BA-987A-260DC548F568}.Debug|Any CPU.ActiveCfg = Debug|Any CPU
		{EB143B9A-0666-45BA-987A-260DC548F568}.Debug|Any CPU.Build.0 = Debug|Any CPU
		{EB143B9A-0666-45BA-987A-260DC548F568}.Release|Any CPU.ActiveCfg = Release|Any CPU
		{EB143B9A-0666-45BA-987A-260DC548F568}.Release|Any CPU.Build.0 = Release|Any CPU
	EndGlobalSection
	GlobalSection(SolutionProperties) = preSolution
		HideSolutionNode = FALSE
	EndGlobalSection
	GlobalSection(ExtensibilityGlobals) = postSolution
		SolutionGuid = {941CA833-26D4-49BB-AAD8-6DCCE5FCD376}
	EndGlobalSection
EndGlobal
